
Microsoft Visual Studio Solution File, Format Version 12.00
# Visual Studio Version 17
VisualStudioVersion = 17.7.34024.191
MinimumVisualStudioVersion = 10.0.40219.1
Project("{FAE04EC0-301F-11D3-BF4B-00C04F79EFBC}") = "Finder", "Finder\Finder.csproj", "{B003BBA3-8861-49F3-8883-21D3C428A9D3}"
EndProject
Global
	GlobalSection(SolutionConfigurationPlatforms) = preSolution
		Debug|Any CPU = Debug|Any CPU
		Release|Any CPU = Release|Any CPU
	EndGlobalSection
	GlobalSection(ProjectConfigurationPlatforms) = postSolution
		{B003BBA3-8861-49F3-8883-21D3C428A9D3}.Debug|Any CPU.ActiveCfg = Debug|Any CPU
		{B003BBA3-8861-49F3-8883-21D3C428A9D3}.Debug|Any CPU.Build.0 = Debug|Any CPU
		{B003BBA3-8861-49F3-8883-21D3C428A9D3}.Release|Any CPU.ActiveCfg = Release|Any CPU
		{B003BBA3-8861-49F3-8883-21D3C428A9D3}.Release|Any CPU.Build.0 = Release|Any CPU
	EndGlobalSection
	GlobalSection(SolutionProperties) = preSolution
		HideSolutionNode = FALSE
	EndGlobalSection
	GlobalSection(ExtensibilityGlobals) = postSolution
		SolutionGuid = {62A1B6CB-7254-492B-BA1A-5A2809F30CE5}
	EndGlobalSection
EndGlobal
